// !$*UTF8*$!
{
	archiveVersion = 1;
	classes = {
	};
	objectVersion = 46;
	objects = {

/* Begin PBXBuildFile section */
		37463F691D5B3CEA006D2CD2 /* SimpleDelegate.swift in Sources */ = {isa = PBXBuildFile; fileRef = 37463F681D5B3CEA006D2CD2 /* SimpleDelegate.swift */; };
		37463F6D1D5CB315006D2CD2 /* UIColor+Random.swift in Sources */ = {isa = PBXBuildFile; fileRef = 37463F6C1D5CB315006D2CD2 /* UIColor+Random.swift */; };
		37463F6F1D5CB34F006D2CD2 /* UICollectionView+IndexPaths.swift in Sources */ = {isa = PBXBuildFile; fileRef = 37463F6E1D5CB34F006D2CD2 /* UICollectionView+IndexPaths.swift */; };
		37463F711D5CB38C006D2CD2 /* UICollectionViewFlowLayout+ConvenienceAttributes.swift in Sources */ = {isa = PBXBuildFile; fileRef = 37463F701D5CB38C006D2CD2 /* UICollectionViewFlowLayout+ConvenienceAttributes.swift */; };
		37463F741D5F0075006D2CD2 /* SingleFlowLayout.swift in Sources */ = {isa = PBXBuildFile; fileRef = 37463F731D5F0075006D2CD2 /* SingleFlowLayout.swift */; };
		37463F761D616343006D2CD2 /* UICollectionViewDelegateFlowLayoutFocusing.swift in Sources */ = {isa = PBXBuildFile; fileRef = 37463F751D616343006D2CD2 /* UICollectionViewDelegateFlowLayoutFocusing.swift */; };
		37463F961D61BC19006D2CD2 /* FocusingDelegate.swift in Sources */ = {isa = PBXBuildFile; fileRef = 37463F951D61BC19006D2CD2 /* FocusingDelegate.swift */; };
		37493DD71D544D79008AFC41 /* AppDelegate.swift in Sources */ = {isa = PBXBuildFile; fileRef = 37493DD61D544D79008AFC41 /* AppDelegate.swift */; };
		37493DD91D544D79008AFC41 /* ViewController.swift in Sources */ = {isa = PBXBuildFile; fileRef = 37493DD81D544D79008AFC41 /* ViewController.swift */; };
		37493DDC1D544D79008AFC41 /* Main.storyboard in Resources */ = {isa = PBXBuildFile; fileRef = 37493DDA1D544D79008AFC41 /* Main.storyboard */; };
		37493DDE1D544D79008AFC41 /* Assets.xcassets in Resources */ = {isa = PBXBuildFile; fileRef = 37493DDD1D544D79008AFC41 /* Assets.xcassets */; };
		37493DE11D544D79008AFC41 /* LaunchScreen.storyboard in Resources */ = {isa = PBXBuildFile; fileRef = 37493DDF1D544D79008AFC41 /* LaunchScreen.storyboard */; };
		37493DE91D559604008AFC41 /* SimpleDataSource.swift in Sources */ = {isa = PBXBuildFile; fileRef = 37493DE81D559604008AFC41 /* SimpleDataSource.swift */; };
		37CA89B71D5B388E005B00CE /* Cell.swift in Sources */ = {isa = PBXBuildFile; fileRef = 37CA89B61D5B388E005B00CE /* Cell.swift */; };
/* End PBXBuildFile section */

/* Begin PBXFileReference section */
		37463F681D5B3CEA006D2CD2 /* SimpleDelegate.swift */ = {isa = PBXFileReference; fileEncoding = 4; lastKnownFileType = sourcecode.swift; path = SimpleDelegate.swift; sourceTree = "<group>"; };
		37463F6C1D5CB315006D2CD2 /* UIColor+Random.swift */ = {isa = PBXFileReference; fileEncoding = 4; lastKnownFileType = sourcecode.swift; path = "UIColor+Random.swift"; sourceTree = "<group>"; };
		37463F6E1D5CB34F006D2CD2 /* UICollectionView+IndexPaths.swift */ = {isa = PBXFileReference; fileEncoding = 4; lastKnownFileType = sourcecode.swift; path = "UICollectionView+IndexPaths.swift"; sourceTree = "<group>"; };
		37463F701D5CB38C006D2CD2 /* UICollectionViewFlowLayout+ConvenienceAttributes.swift */ = {isa = PBXFileReference; fileEncoding = 4; lastKnownFileType = sourcecode.swift; path = "UICollectionViewFlowLayout+ConvenienceAttributes.swift"; sourceTree = "<group>"; };
		37463F731D5F0075006D2CD2 /* SingleFlowLayout.swift */ = {isa = PBXFileReference; fileEncoding = 4; lastKnownFileType = sourcecode.swift; path = SingleFlowLayout.swift; sourceTree = "<group>"; };
		37463F751D616343006D2CD2 /* UICollectionViewDelegateFlowLayoutFocusing.swift */ = {isa = PBXFileReference; fileEncoding = 4; lastKnownFileType = sourcecode.swift; path = UICollectionViewDelegateFlowLayoutFocusing.swift; sourceTree = "<group>"; };
		37463F951D61BC19006D2CD2 /* FocusingDelegate.swift */ = {isa = PBXFileReference; fileEncoding = 4; lastKnownFileType = sourcecode.swift; path = FocusingDelegate.swift; sourceTree = "<group>"; };
		37493DD31D544D79008AFC41 /* CollectionViewTest.app */ = {isa = PBXFileReference; explicitFileType = wrapper.application; includeInIndex = 0; path = CollectionViewTest.app; sourceTree = BUILT_PRODUCTS_DIR; };
		37493DD61D544D79008AFC41 /* AppDelegate.swift */ = {isa = PBXFileReference; lastKnownFileType = sourcecode.swift; path = AppDelegate.swift; sourceTree = "<group>"; };
		37493DD81D544D79008AFC41 /* ViewController.swift */ = {isa = PBXFileReference; lastKnownFileType = sourcecode.swift; path = ViewController.swift; sourceTree = "<group>"; };
		37493DDB1D544D79008AFC41 /* Base */ = {isa = PBXFileReference; lastKnownFileType = file.storyboard; name = Base; path = Base.lproj/Main.storyboard; sourceTree = "<group>"; };
		37493DDD1D544D79008AFC41 /* Assets.xcassets */ = {isa = PBXFileReference; lastKnownFileType = folder.assetcatalog; path = Assets.xcassets; sourceTree = "<group>"; };
		37493DE01D544D79008AFC41 /* Base */ = {isa = PBXFileReference; lastKnownFileType = file.storyboard; name = Base; path = Base.lproj/LaunchScreen.storyboard; sourceTree = "<group>"; };
		37493DE21D544D79008AFC41 /* Info.plist */ = {isa = PBXFileReference; lastKnownFileType = text.plist.xml; path = Info.plist; sourceTree = "<group>"; };
		37493DE81D559604008AFC41 /* SimpleDataSource.swift */ = {isa = PBXFileReference; fileEncoding = 4; lastKnownFileType = sourcecode.swift; path = SimpleDataSource.swift; sourceTree = "<group>"; };
		37CA89B61D5B388E005B00CE /* Cell.swift */ = {isa = PBXFileReference; fileEncoding = 4; lastKnownFileType = sourcecode.swift; path = Cell.swift; sourceTree = "<group>"; };
/* End PBXFileReference section */

/* Begin PBXFrameworksBuildPhase section */
		37493DD01D544D79008AFC41 /* Frameworks */ = {
			isa = PBXFrameworksBuildPhase;
			buildActionMask = 2147483647;
			files = (
			);
			runOnlyForDeploymentPostprocessing = 0;
		};
/* End PBXFrameworksBuildPhase section */

/* Begin PBXGroup section */
		37463F721D5CB3A7006D2CD2 /* UIKitExtensions */ = {
			isa = PBXGroup;
			children = (
				37463F701D5CB38C006D2CD2 /* UICollectionViewFlowLayout+ConvenienceAttributes.swift */,
				37463F6E1D5CB34F006D2CD2 /* UICollectionView+IndexPaths.swift */,
				37463F6C1D5CB315006D2CD2 /* UIColor+Random.swift */,
			);
			name = UIKitExtensions;
			sourceTree = "<group>";
		};
		37493DCA1D544D79008AFC41 = {
			isa = PBXGroup;
			children = (
				37493DD51D544D79008AFC41 /* CollectionViewTest */,
				37493DD41D544D79008AFC41 /* Products */,
			);
			sourceTree = "<group>";
		};
		37493DD41D544D79008AFC41 /* Products */ = {
			isa = PBXGroup;
			children = (
				37493DD31D544D79008AFC41 /* CollectionViewTest.app */,
			);
			name = Products;
			sourceTree = "<group>";
		};
		37493DD51D544D79008AFC41 /* CollectionViewTest */ = {
			isa = PBXGroup;
			children = (
				37493DD61D544D79008AFC41 /* AppDelegate.swift */,
				37493DD81D544D79008AFC41 /* ViewController.swift */,
				37CA89B61D5B388E005B00CE /* Cell.swift */,
				37493DE81D559604008AFC41 /* SimpleDataSource.swift */,
				37463F731D5F0075006D2CD2 /* SingleFlowLayout.swift */,
				37463F681D5B3CEA006D2CD2 /* SimpleDelegate.swift */,
				3790DA351D633D34005CB37E /* FocusingDelegate */,
				37463F721D5CB3A7006D2CD2 /* UIKitExtensions */,
				37493DDA1D544D79008AFC41 /* Main.storyboard */,
				37493DDD1D544D79008AFC41 /* Assets.xcassets */,
				37493DDF1D544D79008AFC41 /* LaunchScreen.storyboard */,
				37493DE21D544D79008AFC41 /* Info.plist */,
			);
			path = CollectionViewTest;
			sourceTree = "<group>";
		};
		3790DA351D633D34005CB37E /* FocusingDelegate */ = {
			isa = PBXGroup;
			children = (
				37463F751D616343006D2CD2 /* UICollectionViewDelegateFlowLayoutFocusing.swift */,
				37463F951D61BC19006D2CD2 /* FocusingDelegate.swift */,
			);
			name = FocusingDelegate;
			sourceTree = "<group>";
		};
/* End PBXGroup section */

/* Begin PBXNativeTarget section */
		37493DD21D544D79008AFC41 /* CollectionViewTest */ = {
			isa = PBXNativeTarget;
			buildConfigurationList = 37493DE51D544D79008AFC41 /* Build configuration list for PBXNativeTarget "CollectionViewTest" */;
			buildPhases = (
				37493DCF1D544D79008AFC41 /* Sources */,
				37493DD01D544D79008AFC41 /* Frameworks */,
				37493DD11D544D79008AFC41 /* Resources */,
			);
			buildRules = (
			);
			dependencies = (
			);
			name = CollectionViewTest;
			productName = CollectionViewTest;
			productReference = 37493DD31D544D79008AFC41 /* CollectionViewTest.app */;
			productType = "com.apple.product-type.application";
		};
/* End PBXNativeTarget section */

/* Begin PBXProject section */
		37493DCB1D544D79008AFC41 /* Project object */ = {
			isa = PBXProject;
			attributes = {
				LastSwiftUpdateCheck = 0730;
				LastUpgradeCheck = 0730;
				ORGANIZATIONNAME = KentHumphries;
				TargetAttributes = {
					37493DD21D544D79008AFC41 = {
						CreatedOnToolsVersion = 7.3.1;
					};
				};
			};
			buildConfigurationList = 37493DCE1D544D79008AFC41 /* Build configuration list for PBXProject "CollectionViewTest" */;
			compatibilityVersion = "Xcode 3.2";
			developmentRegion = English;
			hasScannedForEncodings = 0;
			knownRegions = (
				en,
				Base,
			);
			mainGroup = 37493DCA1D544D79008AFC41;
			productRefGroup = 37493DD41D544D79008AFC41 /* Products */;
			projectDirPath = "";
			projectRoot = "";
			targets = (
				37493DD21D544D79008AFC41 /* CollectionViewTest */,
			);
		};
/* End PBXProject section */

/* Begin PBXResourcesBuildPhase section */
		37493DD11D544D79008AFC41 /* Resources */ = {
			isa = PBXResourcesBuildPhase;
			buildActionMask = 2147483647;
			files = (
				37493DE11D544D79008AFC41 /* LaunchScreen.storyboard in Resources */,
				37493DDE1D544D79008AFC41 /* Assets.xcassets in Resources */,
				37493DDC1D544D79008AFC41 /* Main.storyboard in Resources */,
			);
			runOnlyForDeploymentPostprocessing = 0;
		};
/* End PBXResourcesBuildPhase section */

/* Begin PBXSourcesBuildPhase section */
		37493DCF1D544D79008AFC41 /* Sources */ = {
			isa = PBXSourcesBuildPhase;
			buildActionMask = 2147483647;
			files = (
				37493DE91D559604008AFC41 /* SimpleDataSource.swift in Sources */,
				37CA89B71D5B388E005B00CE /* Cell.swift in Sources */,
				37463F691D5B3CEA006D2CD2 /* SimpleDelegate.swift in Sources */,
				37463F711D5CB38C006D2CD2 /* UICollectionViewFlowLayout+ConvenienceAttributes.swift in Sources */,
				37493DD91D544D79008AFC41 /* ViewController.swift in Sources */,
				37463F6D1D5CB315006D2CD2 /* UIColor+Random.swift in Sources */,
				37493DD71D544D79008AFC41 /* AppDelegate.swift in Sources */,
				37463F741D5F0075006D2CD2 /* SingleFlowLayout.swift in Sources */,
				37463F961D61BC19006D2CD2 /* FocusingDelegate.swift in Sources */,
				37463F761D616343006D2CD2 /* UICollectionViewDelegateFlowLayoutFocusing.swift in Sources */,
				37463F6F1D5CB34F006D2CD2 /* UICollectionView+IndexPaths.swift in Sources */,
			);
			runOnlyForDeploymentPostprocessing = 0;
		};
/* End PBXSourcesBuildPhase section */

/* Begin PBXVariantGroup section */
		37493DDA1D544D79008AFC41 /* Main.storyboard */ = {
			isa = PBXVariantGroup;
			children = (
				37493DDB1D544D79008AFC41 /* Base */,
			);
			name = Main.storyboard;
			sourceTree = "<group>";
		};
		37493DDF1D544D79008AFC41 /* LaunchScreen.storyboard */ = {
			isa = PBXVariantGroup;
			children = (
				37493DE01D544D79008AFC41 /* Base */,
			);
			name = LaunchScreen.storyboard;
			sourceTree = "<group>";
		};
/* End PBXVariantGroup section */

/* Begin XCBuildConfiguration section */
		37493DE31D544D79008AFC41 /* Debug */ = {
			isa = XCBuildConfiguration;
			buildSettings = {
				ALWAYS_SEARCH_USER_PATHS = NO;
				CLANG_ANALYZER_NONNULL = YES;
				CLANG_CXX_LANGUAGE_STANDARD = "gnu++0x";
				CLANG_CXX_LIBRARY = "libc++";
				CLANG_ENABLE_MODULES = YES;
				CLANG_ENABLE_OBJC_ARC = YES;
				CLANG_WARN_BOOL_CONVERSION = YES;
				CLANG_WARN_CONSTANT_CONVERSION = YES;
				CLANG_WARN_DIRECT_OBJC_ISA_USAGE = YES_ERROR;
				CLANG_WARN_EMPTY_BODY = YES;
				CLANG_WARN_ENUM_CONVERSION = YES;
				CLANG_WARN_INT_CONVERSION = YES;
				CLANG_WARN_OBJC_ROOT_CLASS = YES_ERROR;
				CLANG_WARN_UNREACHABLE_CODE = YES;
				CLANG_WARN__DUPLICATE_METHOD_MATCH = YES;
				"CODE_SIGN_IDENTITY[sdk=iphoneos*]" = "iPhone Developer";
				COPY_PHASE_STRIP = NO;
				DEBUG_INFORMATION_FORMAT = dwarf;
				ENABLE_STRICT_OBJC_MSGSEND = YES;
				ENABLE_TESTABILITY = YES;
				GCC_C_LANGUAGE_STANDARD = gnu99;
				GCC_DYNAMIC_NO_PIC = NO;
				GCC_NO_COMMON_BLOCKS = YES;
				GCC_OPTIMIZATION_LEVEL = 0;
				GCC_PREPROCESSOR_DEFINITIONS = (
					"DEBUG=1",
					"$(inherited)",
				);
				GCC_WARN_64_TO_32_BIT_CONVERSION = YES;
				GCC_WARN_ABOUT_RETURN_TYPE = YES_ERROR;
				GCC_WARN_UNDECLARED_SELECTOR = YES;
				GCC_WARN_UNINITIALIZED_AUTOS = YES_AGGRESSIVE;
				GCC_WARN_UNUSED_FUNCTION = YES;
				GCC_WARN_UNUSED_VARIABLE = YES;
				IPHONEOS_DEPLOYMENT_TARGET = 9.3;
				MTL_ENABLE_DEBUG_INFO = YES;
				ONLY_ACTIVE_ARCH = YES;
				SDKROOT = iphoneos;
				SWIFT_OPTIMIZATION_LEVEL = "-Onone";
				TARGETED_DEVICE_FAMILY = "1,2";
			};
			name = Debug;
		};
		37493DE41D544D79008AFC41 /* Release */ = {
			isa = XCBuildConfiguration;
			buildSettings = {
				ALWAYS_SEARCH_USER_PATHS = NO;
				CLANG_ANALYZER_NONNULL = YES;
				CLANG_CXX_LANGUAGE_STANDARD = "gnu++0x";
				CLANG_CXX_LIBRARY = "libc++";
				CLANG_ENABLE_MODULES = YES;
				CLANG_ENABLE_OBJC_ARC = YES;
				CLANG_WARN_BOOL_CONVERSION = YES;
				CLANG_WARN_CONSTANT_CONVERSION = YES;
				CLANG_WARN_DIRECT_OBJC_ISA_USAGE = YES_ERROR;
				CLANG_WARN_EMPTY_BODY = YES;
				CLANG_WARN_ENUM_CONVERSION = YES;
				CLANG_WARN_INT_CONVERSION = YES;
				CLANG_WARN_OBJC_ROOT_CLASS = YES_ERROR;
				CLANG_WARN_UNREACHABLE_CODE = YES;
				CLANG_WARN__DUPLICATE_METHOD_MATCH = YES;
				"CODE_SIGN_IDENTITY[sdk=iphoneos*]" = "iPhone Developer";
				COPY_PHASE_STRIP = NO;
				DEBUG_INFORMATION_FORMAT = "dwarf-with-dsym";
				ENABLE_NS_ASSERTIONS = NO;
				ENABLE_STRICT_OBJC_MSGSEND = YES;
				GCC_C_LANGUAGE_STANDARD = gnu99;
				GCC_NO_COMMON_BLOCKS = YES;
				GCC_WARN_64_TO_32_BIT_CONVERSION = YES;
				GCC_WARN_ABOUT_RETURN_TYPE = YES_ERROR;
				GCC_WARN_UNDECLARED_SELECTOR = YES;
				GCC_WARN_UNINITIALIZED_AUTOS = YES_AGGRESSIVE;
				GCC_WARN_UNUSED_FUNCTION = YES;
				GCC_WARN_UNUSED_VARIABLE = YES;
				IPHONEOS_DEPLOYMENT_TARGET = 9.3;
				MTL_ENABLE_DEBUG_INFO = NO;
				SDKROOT = iphoneos;
				TARGETED_DEVICE_FAMILY = "1,2";
				VALIDATE_PRODUCT = YES;
			};
			name = Release;
		};
		37493DE61D544D79008AFC41 /* Debug */ = {
			isa = XCBuildConfiguration;
			buildSettings = {
				ASSETCATALOG_COMPILER_APPICON_NAME = AppIcon;
				INFOPLIST_FILE = CollectionViewTest/Info.plist;
				LD_RUNPATH_SEARCH_PATHS = "$(inherited) @executable_path/Frameworks";
				PRODUCT_BUNDLE_IDENTIFIER = com.KentHumphries.CollectionViewTest;
				PRODUCT_NAME = "$(TARGET_NAME)";
			};
			name = Debug;
		};
		37493DE71D544D79008AFC41 /* Release */ = {
			isa = XCBuildConfiguration;
			buildSettings = {
				ASSETCATALOG_COMPILER_APPICON_NAME = AppIcon;
				INFOPLIST_FILE = CollectionViewTest/Info.plist;
				LD_RUNPATH_SEARCH_PATHS = "$(inherited) @executable_path/Frameworks";
				PRODUCT_BUNDLE_IDENTIFIER = com.KentHumphries.CollectionViewTest;
				PRODUCT_NAME = "$(TARGET_NAME)";
			};
			name = Release;
		};
/* End XCBuildConfiguration section */

/* Begin XCConfigurationList section */
		37493DCE1D544D79008AFC41 /* Build configuration list for PBXProject "CollectionViewTest" */ = {
			isa = XCConfigurationList;
			buildConfigurations = (
				37493DE31D544D79008AFC41 /* Debug */,
				37493DE41D544D79008AFC41 /* Release */,
			);
			defaultConfigurationIsVisible = 0;
			defaultConfigurationName = Release;
		};
		37493DE51D544D79008AFC41 /* Build configuration list for PBXNativeTarget "CollectionViewTest" */ = {
			isa = XCConfigurationList;
			buildConfigurations = (
				37493DE61D544D79008AFC41 /* Debug */,
				37493DE71D544D79008AFC41 /* Release */,
			);
			defaultConfigurationIsVisible = 0;
			defaultConfigurationName = Release;
		};
/* End XCConfigurationList section */
	};
	rootObject = 37493DCB1D544D79008AFC41 /* Project object */;
}
